{
  "requires": true,
  "lockfileVersion": 1,
  "dependencies": {
    "lodash": {
      "version": "4.17.15",
      "resolved": "https://registry.npmjs.org/lodash/-/lodash-4.17.15.tgz",
      "integrity": "sha512-8xOcRHvCjnocdS5cpwXQXVzmmh5e5+saE2QGoeQmbKmRS6J3VQppPOIt0MnmE+4xlZoumy0GPG0D0MVIQbNA1A=="
    },
    "omit-deep-lodash": {
      "version": "1.1.4",
      "resolved": "https://registry.npmjs.org/omit-deep-lodash/-/omit-deep-lodash-1.1.4.tgz",
      "integrity": "sha512-5ge7dBDVDYEU8YiqYlKxjsVesB3wqXejgluGx+9Xd8+PJH7VEEK9D4Pqpq7VE0ZtQh9HBz0LMNRk1BA3+bsd4Q==",
      "requires": {
        "lodash": "4.17.15"
      }
    }
  }
}
